
Microsoft Visual Studio Solution File, Format Version 12.00
# Visual Studio Version 17
VisualStudioVersion = 17.14.36408.4 d17.14
MinimumVisualStudioVersion = 10.0.40219.1
Project("{FAE04EC0-301F-11D3-BF4B-00C04F79EFBC}") = "Multiplocomune", "Multiplocomune\Multiplocomune.csproj", "{0DE21193-3F19-49AF-96D1-BC06C4F8E564}"
EndProject
Global
	GlobalSection(SolutionConfigurationPlatforms) = preSolution
		Debug|Any CPU = Debug|Any CPU
		Release|Any CPU = Release|Any CPU
	EndGlobalSection
	GlobalSection(ProjectConfigurationPlatforms) = postSolution
		{0DE21193-3F19-49AF-96D1-BC06C4F8E564}.Debug|Any CPU.ActiveCfg = Debug|Any CPU
		{0DE21193-3F19-49AF-96D1-BC06C4F8E564}.Debug|Any CPU.Build.0 = Debug|Any CPU
		{0DE21193-3F19-49AF-96D1-BC06C4F8E564}.Release|Any CPU.ActiveCfg = Release|Any CPU
		{0DE21193-3F19-49AF-96D1-BC06C4F8E564}.Release|Any CPU.Build.0 = Release|Any CPU
	EndGlobalSection
	GlobalSection(SolutionProperties) = preSolution
		HideSolutionNode = FALSE
	EndGlobalSection
	GlobalSection(ExtensibilityGlobals) = postSolution
		SolutionGuid = {E2158C52-11CB-468F-BE0D-BC70F7EC6000}
	EndGlobalSection
EndGlobal
